
Microsoft Visual Studio Solution File, Format Version 12.00
# Visual Studio Version 17
VisualStudioVersion = 17.5.33424.131
MinimumVisualStudioVersion = 10.0.40219.1
Project("{FAE04EC0-301F-11D3-BF4B-00C04F79EFBC}") = "quiz02", "quiz02\quiz02.csproj", "{71B1568E-0E9B-49BB-B7D8-7D167D54B4FE}"
EndProject
Global
	GlobalSection(SolutionConfigurationPlatforms) = preSolution
		Debug|Any CPU = Debug|Any CPU
		Release|Any CPU = Release|Any CPU
	EndGlobalSection
	GlobalSection(ProjectConfigurationPlatforms) = postSolution
		{71B1568E-0E9B-49BB-B7D8-7D167D54B4FE}.Debug|Any CPU.ActiveCfg = Debug|Any CPU
		{71B1568E-0E9B-49BB-B7D8-7D167D54B4FE}.Debug|Any CPU.Build.0 = Debug|Any CPU
		{71B1568E-0E9B-49BB-B7D8-7D167D54B4FE}.Release|Any CPU.ActiveCfg = Release|Any CPU
		{71B1568E-0E9B-49BB-B7D8-7D167D54B4FE}.Release|Any CPU.Build.0 = Release|Any CPU
	EndGlobalSection
	GlobalSection(SolutionProperties) = preSolution
		HideSolutionNode = FALSE
	EndGlobalSection
	GlobalSection(ExtensibilityGlobals) = postSolution
		SolutionGuid = {3B7658B3-471D-40B8-93F5-BE219150E537}
	EndGlobalSection
EndGlobal
